{
  "name": "graph-database",
  "version": "1.0.0",
  "lockfileVersion": 1,
  "requires": true,
  "dependencies": {
    "@figma/plugin-typings": {
      "version": "1.54.0",
      "resolved": "https://registry.npmjs.org/@figma/plugin-typings/-/plugin-typings-1.54.0.tgz",
      "integrity": "sha512-jetMn5s9p+X/iB+ZXbUrMI++8zhK21n6W9KT/IAz4DfI9NMy0+URlEaySmqRMyKwZUMVRhzYO10QzQLfOXk1fQ==",
      "dev": true
    },
    "typescript": {
      "version": "4.8.4",
      "resolved": "https://registry.npmjs.org/typescript/-/typescript-4.8.4.tgz",
      "integrity": "sha512-QCh+85mCy+h0IGff8r5XWzOVSbBO+KfeYrMQh7NJ58QujwcE22u+NUSmUxqF+un70P9GXKxa2HCNiTTMJknyjQ==",
      "dev": true
    }
  }
}
